// !$*UTF8*$!
{
	archiveVersion = 1;
	classes = {
	};
	objectVersion = 46;
	objects = {

/* Begin PBXFileReference section */
		504A4CC817461CB500CF9666 /* NSObject+Expectation.h */ = {isa = PBXFileReference; lastKnownFileType = sourcecode.c.h; path = "NSObject+Expectation.h"; sourceTree = "<group>"; };
		504A4CC917461CB500CF9666 /* NSObject+Expectation.m */ = {isa = PBXFileReference; lastKnownFileType = sourcecode.c.objc; path = "NSObject+Expectation.m"; sourceTree = "<group>"; };
/* End PBXFileReference section */

/* Begin PBXGroup section */
		504A4CC117461C8B00CF9666 = {
			isa = PBXGroup;
			children = (
				504A4CC817461CB500CF9666 /* NSObject+Expectation.h */,
				504A4CC917461CB500CF9666 /* NSObject+Expectation.m */,
			);
			sourceTree = "<group>";
		};
/* End PBXGroup section */

/* Begin PBXProject section */
		504A4CC217461C8B00CF9666 /* Project object */ = {
			isa = PBXProject;
			attributes = {
				LastUpgradeCheck = 0460;
			};
			buildConfigurationList = 504A4CC517461C8B00CF9666 /* Build configuration list for PBXProject "NSObject+Expectation" */;
			compatibilityVersion = "Xcode 3.2";
			developmentRegion = English;
			hasScannedForEncodings = 0;
			knownRegions = (
				en,
			);
			mainGroup = 504A4CC117461C8B00CF9666;
			projectDirPath = "";
			projectRoot = "";
			targets = (
			);
		};
/* End PBXProject section */

/* Begin XCBuildConfiguration section */
		504A4CC617461C8B00CF9666 /* Debug */ = {
			isa = XCBuildConfiguration;
			buildSettings = {
			};
			name = Debug;
		};
		504A4CC717461C8B00CF9666 /* Release */ = {
			isa = XCBuildConfiguration;
			buildSettings = {
			};
			name = Release;
		};
/* End XCBuildConfiguration section */

/* Begin XCConfigurationList section */
		504A4CC517461C8B00CF9666 /* Build configuration list for PBXProject "NSObject+Expectation" */ = {
			isa = XCConfigurationList;
			buildConfigurations = (
				504A4CC617461C8B00CF9666 /* Debug */,
				504A4CC717461C8B00CF9666 /* Release */,
			);
			defaultConfigurationIsVisible = 0;
			defaultConfigurationName = Release;
		};
/* End XCConfigurationList section */
	};
	rootObject = 504A4CC217461C8B00CF9666 /* Project object */;
}
